// !$*UTF8*$!
{
	archiveVersion = 1;
	classes = {
	};
	objectVersion = 46;
	objects = {

/* Begin PBXBuildFile section */
		4103D8621680DFF4008AFCFC /* UIKit.framework in Frameworks */ = {isa = PBXBuildFile; fileRef = 4103D8611680DFF4008AFCFC /* UIKit.framework */; };
		4103D8641680DFF4008AFCFC /* Foundation.framework in Frameworks */ = {isa = PBXBuildFile; fileRef = 4103D8631680DFF4008AFCFC /* Foundation.framework */; };
		4103D8661680DFF4008AFCFC /* CoreGraphics.framework in Frameworks */ = {isa = PBXBuildFile; fileRef = 4103D8651680DFF4008AFCFC /* CoreGraphics.framework */; };
		4103D86C1680DFF4008AFCFC /* InfoPlist.strings in Resources */ = {isa = PBXBuildFile; fileRef = 4103D86A1680DFF4008AFCFC /* InfoPlist.strings */; };
		4103D86E1680DFF4008AFCFC /* main.m in Sources */ = {isa = PBXBuildFile; fileRef = 4103D86D1680DFF4008AFCFC /* main.m */; };
		4103D8721680DFF4008AFCFC /* AppDelegate.m in Sources */ = {isa = PBXBuildFile; fileRef = 4103D8711680DFF4008AFCFC /* AppDelegate.m */; };
		4103D8741680DFF4008AFCFC /* Default.png in Resources */ = {isa = PBXBuildFile; fileRef = 4103D8731680DFF4008AFCFC /* Default.png */; };
		4103D8761680DFF4008AFCFC /* Default@2x.png in Resources */ = {isa = PBXBuildFile; fileRef = 4103D8751680DFF4008AFCFC /* Default@2x.png */; };
		4103D8781680DFF4008AFCFC /* Default-568h@2x.png in Resources */ = {isa = PBXBuildFile; fileRef = 4103D8771680DFF4008AFCFC /* Default-568h@2x.png */; };
		4103D87B1680DFF4008AFCFC /* MainStoryboard_iPhone.storyboard in Resources */ = {isa = PBXBuildFile; fileRef = 4103D8791680DFF4008AFCFC /* MainStoryboard_iPhone.storyboard */; };
		4103D87E1680DFF4008AFCFC /* MainStoryboard_iPad.storyboard in Resources */ = {isa = PBXBuildFile; fileRef = 4103D87C1680DFF4008AFCFC /* MainStoryboard_iPad.storyboard */; };
		4103D8811680DFF4008AFCFC /* ViewController.m in Sources */ = {isa = PBXBuildFile; fileRef = 4103D8801680DFF4008AFCFC /* ViewController.m */; };
		4103D8891680E069008AFCFC /* CFShareCircleView.m in Sources */ = {isa = PBXBuildFile; fileRef = 4103D8881680E069008AFCFC /* CFShareCircleView.m */; };
		4119BD5F169CC4FA00CE9316 /* close_button.png in Resources */ = {isa = PBXBuildFile; fileRef = 4119BD4F169CC4FA00CE9316 /* close_button.png */; };
		4119BD60169CC4FA00CE9316 /* close_button@2x.png in Resources */ = {isa = PBXBuildFile; fileRef = 4119BD50169CC4FA00CE9316 /* close_button@2x.png */; };
		4119BD61169CC4FA00CE9316 /* email.png in Resources */ = {isa = PBXBuildFile; fileRef = 4119BD51169CC4FA00CE9316 /* email.png */; };
		4119BD62169CC4FA00CE9316 /* email@2x.png in Resources */ = {isa = PBXBuildFile; fileRef = 4119BD52169CC4FA00CE9316 /* email@2x.png */; };
		4119BD63169CC4FA00CE9316 /* evernote.png in Resources */ = {isa = PBXBuildFile; fileRef = 4119BD53169CC4FA00CE9316 /* evernote.png */; };
		4119BD64169CC4FA00CE9316 /* evernote@2x.png in Resources */ = {isa = PBXBuildFile; fileRef = 4119BD54169CC4FA00CE9316 /* evernote@2x.png */; };
		4119BD65169CC4FA00CE9316 /* facebook.png in Resources */ = {isa = PBXBuildFile; fileRef = 4119BD55169CC4FA00CE9316 /* facebook.png */; };
		4119BD66169CC4FA00CE9316 /* facebook@2x.png in Resources */ = {isa = PBXBuildFile; fileRef = 4119BD56169CC4FA00CE9316 /* facebook@2x.png */; };
		4119BD67169CC4FA00CE9316 /* googleplus.png in Resources */ = {isa = PBXBuildFile; fileRef = 4119BD57169CC4FA00CE9316 /* googleplus.png */; };
		4119BD68169CC4FA00CE9316 /* googleplus@2x.png in Resources */ = {isa = PBXBuildFile; fileRef = 4119BD58169CC4FA00CE9316 /* googleplus@2x.png */; };
		4119BD69169CC4FA00CE9316 /* message.png in Resources */ = {isa = PBXBuildFile; fileRef = 4119BD59169CC4FA00CE9316 /* message.png */; };
		4119BD6A169CC4FA00CE9316 /* message@2x.png in Resources */ = {isa = PBXBuildFile; fileRef = 4119BD5A169CC4FA00CE9316 /* message@2x.png */; };
		4119BD6B169CC4FA00CE9316 /* touch.png in Resources */ = {isa = PBXBuildFile; fileRef = 4119BD5B169CC4FA00CE9316 /* touch.png */; };
		4119BD6C169CC4FA00CE9316 /* touch@2x.png in Resources */ = {isa = PBXBuildFile; fileRef = 4119BD5C169CC4FA00CE9316 /* touch@2x.png */; };
		4119BD6D169CC4FA00CE9316 /* twitter.png in Resources */ = {isa = PBXBuildFile; fileRef = 4119BD5D169CC4FA00CE9316 /* twitter.png */; };
		4119BD6E169CC4FA00CE9316 /* twitter@2x.png in Resources */ = {isa = PBXBuildFile; fileRef = 4119BD5E169CC4FA00CE9316 /* twitter@2x.png */; };
		419CC7F016A05D7F006343DA /* photo_album.png in Resources */ = {isa = PBXBuildFile; fileRef = 419CC7EE16A05D7F006343DA /* photo_album.png */; };
		419CC7F116A05D7F006343DA /* photo_album@2x.png in Resources */ = {isa = PBXBuildFile; fileRef = 419CC7EF16A05D7F006343DA /* photo_album@2x.png */; };
		41F18FB516A05720000318FF /* flickr.png in Resources */ = {isa = PBXBuildFile; fileRef = 41F18FB316A05720000318FF /* flickr.png */; };
		41F18FB616A05720000318FF /* flickr@2x.png in Resources */ = {isa = PBXBuildFile; fileRef = 41F18FB416A05720000318FF /* flickr@2x.png */; };
		41FC1038169B6FD9007DF1E3 /* QuartzCore.framework in Frameworks */ = {isa = PBXBuildFile; fileRef = 41FC1037169B6FD9007DF1E3 /* QuartzCore.framework */; };
/* End PBXBuildFile section */

/* Begin PBXFileReference section */
		4103D85D1680DFF4008AFCFC /* CFShareCircle.app */ = {isa = PBXFileReference; explicitFileType = wrapper.application; includeInIndex = 0; path = CFShareCircle.app; sourceTree = BUILT_PRODUCTS_DIR; };
		4103D8611680DFF4008AFCFC /* UIKit.framework */ = {isa = PBXFileReference; lastKnownFileType = wrapper.framework; name = UIKit.framework; path = System/Library/Frameworks/UIKit.framework; sourceTree = SDKROOT; };
		4103D8631680DFF4008AFCFC /* Foundation.framework */ = {isa = PBXFileReference; lastKnownFileType = wrapper.framework; name = Foundation.framework; path = System/Library/Frameworks/Foundation.framework; sourceTree = SDKROOT; };
		4103D8651680DFF4008AFCFC /* CoreGraphics.framework */ = {isa = PBXFileReference; lastKnownFileType = wrapper.framework; name = CoreGraphics.framework; path = System/Library/Frameworks/CoreGraphics.framework; sourceTree = SDKROOT; };
		4103D8691680DFF4008AFCFC /* CFShareCircle-Info.plist */ = {isa = PBXFileReference; lastKnownFileType = text.plist.xml; path = "CFShareCircle-Info.plist"; sourceTree = "<group>"; };
		4103D86B1680DFF4008AFCFC /* en */ = {isa = PBXFileReference; lastKnownFileType = text.plist.strings; name = en; path = en.lproj/InfoPlist.strings; sourceTree = "<group>"; };
		4103D86D1680DFF4008AFCFC /* main.m */ = {isa = PBXFileReference; lastKnownFileType = sourcecode.c.objc; path = main.m; sourceTree = "<group>"; };
		4103D86F1680DFF4008AFCFC /* CFShareCircle-Prefix.pch */ = {isa = PBXFileReference; lastKnownFileType = sourcecode.c.h; path = "CFShareCircle-Prefix.pch"; sourceTree = "<group>"; };
		4103D8701680DFF4008AFCFC /* AppDelegate.h */ = {isa = PBXFileReference; lastKnownFileType = sourcecode.c.h; path = AppDelegate.h; sourceTree = "<group>"; };
		4103D8711680DFF4008AFCFC /* AppDelegate.m */ = {isa = PBXFileReference; lastKnownFileType = sourcecode.c.objc; path = AppDelegate.m; sourceTree = "<group>"; };
		4103D8731680DFF4008AFCFC /* Default.png */ = {isa = PBXFileReference; lastKnownFileType = image.png; path = Default.png; sourceTree = "<group>"; };
		4103D8751680DFF4008AFCFC /* Default@2x.png */ = {isa = PBXFileReference; lastKnownFileType = image.png; path = "Default@2x.png"; sourceTree = "<group>"; };
		4103D8771680DFF4008AFCFC /* Default-568h@2x.png */ = {isa = PBXFileReference; lastKnownFileType = image.png; path = "Default-568h@2x.png"; sourceTree = "<group>"; };
		4103D87A1680DFF4008AFCFC /* en */ = {isa = PBXFileReference; lastKnownFileType = file.storyboard; name = en; path = en.lproj/MainStoryboard_iPhone.storyboard; sourceTree = "<group>"; };
		4103D87D1680DFF4008AFCFC /* en */ = {isa = PBXFileReference; lastKnownFileType = file.storyboard; name = en; path = en.lproj/MainStoryboard_iPad.storyboard; sourceTree = "<group>"; };
		4103D87F1680DFF4008AFCFC /* ViewController.h */ = {isa = PBXFileReference; lastKnownFileType = sourcecode.c.h; path = ViewController.h; sourceTree = "<group>"; };
		4103D8801680DFF4008AFCFC /* ViewController.m */ = {isa = PBXFileReference; lastKnownFileType = sourcecode.c.objc; path = ViewController.m; sourceTree = "<group>"; };
		4103D8871680E069008AFCFC /* CFShareCircleView.h */ = {isa = PBXFileReference; fileEncoding = 4; lastKnownFileType = sourcecode.c.h; path = CFShareCircleView.h; sourceTree = "<group>"; };
		4103D8881680E069008AFCFC /* CFShareCircleView.m */ = {isa = PBXFileReference; fileEncoding = 4; lastKnownFileType = sourcecode.c.objc; path = CFShareCircleView.m; sourceTree = "<group>"; };
		4119BD4F169CC4FA00CE9316 /* close_button.png */ = {isa = PBXFileReference; lastKnownFileType = image.png; path = close_button.png; sourceTree = "<group>"; };
		4119BD50169CC4FA00CE9316 /* close_button@2x.png */ = {isa = PBXFileReference; lastKnownFileType = image.png; path = "close_button@2x.png"; sourceTree = "<group>"; };
		4119BD51169CC4FA00CE9316 /* email.png */ = {isa = PBXFileReference; lastKnownFileType = image.png; path = email.png; sourceTree = "<group>"; };
		4119BD52169CC4FA00CE9316 /* email@2x.png */ = {isa = PBXFileReference; lastKnownFileType = image.png; path = "email@2x.png"; sourceTree = "<group>"; };
		4119BD53169CC4FA00CE9316 /* evernote.png */ = {isa = PBXFileReference; lastKnownFileType = image.png; path = evernote.png; sourceTree = "<group>"; };
		4119BD54169CC4FA00CE9316 /* evernote@2x.png */ = {isa = PBXFileReference; lastKnownFileType = image.png; path = "evernote@2x.png"; sourceTree = "<group>"; };
		4119BD55169CC4FA00CE9316 /* facebook.png */ = {isa = PBXFileReference; lastKnownFileType = image.png; path = facebook.png; sourceTree = "<group>"; };
		4119BD56169CC4FA00CE9316 /* facebook@2x.png */ = {isa = PBXFileReference; lastKnownFileType = image.png; path = "facebook@2x.png"; sourceTree = "<group>"; };
		4119BD57169CC4FA00CE9316 /* googleplus.png */ = {isa = PBXFileReference; lastKnownFileType = image.png; path = googleplus.png; sourceTree = "<group>"; };
		4119BD58169CC4FA00CE9316 /* googleplus@2x.png */ = {isa = PBXFileReference; lastKnownFileType = image.png; path = "googleplus@2x.png"; sourceTree = "<group>"; };
		4119BD59169CC4FA00CE9316 /* message.png */ = {isa = PBXFileReference; lastKnownFileType = image.png; path = message.png; sourceTree = "<group>"; };
		4119BD5A169CC4FA00CE9316 /* message@2x.png */ = {isa = PBXFileReference; lastKnownFileType = image.png; path = "message@2x.png"; sourceTree = "<group>"; };
		4119BD5B169CC4FA00CE9316 /* touch.png */ = {isa = PBXFileReference; lastKnownFileType = image.png; path = touch.png; sourceTree = "<group>"; };
		4119BD5C169CC4FA00CE9316 /* touch@2x.png */ = {isa = PBXFileReference; lastKnownFileType = image.png; path = "touch@2x.png"; sourceTree = "<group>"; };
		4119BD5D169CC4FA00CE9316 /* twitter.png */ = {isa = PBXFileReference; lastKnownFileType = image.png; path = twitter.png; sourceTree = "<group>"; };
		4119BD5E169CC4FA00CE9316 /* twitter@2x.png */ = {isa = PBXFileReference; lastKnownFileType = image.png; path = "twitter@2x.png"; sourceTree = "<group>"; };
		419CC7EE16A05D7F006343DA /* photo_album.png */ = {isa = PBXFileReference; lastKnownFileType = image.png; path = photo_album.png; sourceTree = "<group>"; };
		419CC7EF16A05D7F006343DA /* photo_album@2x.png */ = {isa = PBXFileReference; lastKnownFileType = image.png; path = "photo_album@2x.png"; sourceTree = "<group>"; };
		41F18FB316A05720000318FF /* flickr.png */ = {isa = PBXFileReference; lastKnownFileType = image.png; path = flickr.png; sourceTree = "<group>"; };
		41F18FB416A05720000318FF /* flickr@2x.png */ = {isa = PBXFileReference; lastKnownFileType = image.png; path = "flickr@2x.png"; sourceTree = "<group>"; };
		41FC1037169B6FD9007DF1E3 /* QuartzCore.framework */ = {isa = PBXFileReference; lastKnownFileType = wrapper.framework; name = QuartzCore.framework; path = System/Library/Frameworks/QuartzCore.framework; sourceTree = SDKROOT; };
/* End PBXFileReference section */

/* Begin PBXFrameworksBuildPhase section */
		4103D85A1680DFF4008AFCFC /* Frameworks */ = {
			isa = PBXFrameworksBuildPhase;
			buildActionMask = 2147483647;
			files = (
				41FC1038169B6FD9007DF1E3 /* QuartzCore.framework in Frameworks */,
				4103D8621680DFF4008AFCFC /* UIKit.framework in Frameworks */,
				4103D8641680DFF4008AFCFC /* Foundation.framework in Frameworks */,
				4103D8661680DFF4008AFCFC /* CoreGraphics.framework in Frameworks */,
			);
			runOnlyForDeploymentPostprocessing = 0;
		};
/* End PBXFrameworksBuildPhase section */

/* Begin PBXGroup section */
		4103D8521680DFF4008AFCFC = {
			isa = PBXGroup;
			children = (
				4103D8671680DFF4008AFCFC /* CFShareCircle */,
				4103D8601680DFF4008AFCFC /* Frameworks */,
				4103D85E1680DFF4008AFCFC /* Products */,
			);
			sourceTree = "<group>";
		};
		4103D85E1680DFF4008AFCFC /* Products */ = {
			isa = PBXGroup;
			children = (
				4103D85D1680DFF4008AFCFC /* CFShareCircle.app */,
			);
			name = Products;
			sourceTree = "<group>";
		};
		4103D8601680DFF4008AFCFC /* Frameworks */ = {
			isa = PBXGroup;
			children = (
				41FC1037169B6FD9007DF1E3 /* QuartzCore.framework */,
				4103D8611680DFF4008AFCFC /* UIKit.framework */,
				4103D8631680DFF4008AFCFC /* Foundation.framework */,
				4103D8651680DFF4008AFCFC /* CoreGraphics.framework */,
			);
			name = Frameworks;
			sourceTree = "<group>";
		};
		4103D8671680DFF4008AFCFC /* CFShareCircle */ = {
			isa = PBXGroup;
			children = (
				4119BD4E169CC4FA00CE9316 /* images */,
				4103D8701680DFF4008AFCFC /* AppDelegate.h */,
				4103D8711680DFF4008AFCFC /* AppDelegate.m */,
				4103D8791680DFF4008AFCFC /* MainStoryboard_iPhone.storyboard */,
				4103D87C1680DFF4008AFCFC /* MainStoryboard_iPad.storyboard */,
				4103D87F1680DFF4008AFCFC /* ViewController.h */,
				4103D8801680DFF4008AFCFC /* ViewController.m */,
				4103D8871680E069008AFCFC /* CFShareCircleView.h */,
				4103D8881680E069008AFCFC /* CFShareCircleView.m */,
				4103D8681680DFF4008AFCFC /* Supporting Files */,
			);
			path = CFShareCircle;
			sourceTree = "<group>";
		};
		4103D8681680DFF4008AFCFC /* Supporting Files */ = {
			isa = PBXGroup;
			children = (
				4103D8691680DFF4008AFCFC /* CFShareCircle-Info.plist */,
				4103D86A1680DFF4008AFCFC /* InfoPlist.strings */,
				4103D86D1680DFF4008AFCFC /* main.m */,
				4103D86F1680DFF4008AFCFC /* CFShareCircle-Prefix.pch */,
				4103D8731680DFF4008AFCFC /* Default.png */,
				4103D8751680DFF4008AFCFC /* Default@2x.png */,
				4103D8771680DFF4008AFCFC /* Default-568h@2x.png */,
			);
			name = "Supporting Files";
			sourceTree = "<group>";
		};
		4119BD4E169CC4FA00CE9316 /* images */ = {
			isa = PBXGroup;
			children = (
				419CC7EE16A05D7F006343DA /* photo_album.png */,
				419CC7EF16A05D7F006343DA /* photo_album@2x.png */,
				41F18FB316A05720000318FF /* flickr.png */,
				41F18FB416A05720000318FF /* flickr@2x.png */,
				4119BD4F169CC4FA00CE9316 /* close_button.png */,
				4119BD50169CC4FA00CE9316 /* close_button@2x.png */,
				4119BD51169CC4FA00CE9316 /* email.png */,
				4119BD52169CC4FA00CE9316 /* email@2x.png */,
				4119BD53169CC4FA00CE9316 /* evernote.png */,
				4119BD54169CC4FA00CE9316 /* evernote@2x.png */,
				4119BD55169CC4FA00CE9316 /* facebook.png */,
				4119BD56169CC4FA00CE9316 /* facebook@2x.png */,
				4119BD57169CC4FA00CE9316 /* googleplus.png */,
				4119BD58169CC4FA00CE9316 /* googleplus@2x.png */,
				4119BD59169CC4FA00CE9316 /* message.png */,
				4119BD5A169CC4FA00CE9316 /* message@2x.png */,
				4119BD5B169CC4FA00CE9316 /* touch.png */,
				4119BD5C169CC4FA00CE9316 /* touch@2x.png */,
				4119BD5D169CC4FA00CE9316 /* twitter.png */,
				4119BD5E169CC4FA00CE9316 /* twitter@2x.png */,
			);
			path = images;
			sourceTree = "<group>";
		};
/* End PBXGroup section */

/* Begin PBXNativeTarget section */
		4103D85C1680DFF4008AFCFC /* CFShareCircle */ = {
			isa = PBXNativeTarget;
			buildConfigurationList = 4103D8841680DFF4008AFCFC /* Build configuration list for PBXNativeTarget "CFShareCircle" */;
			buildPhases = (
				4103D8591680DFF4008AFCFC /* Sources */,
				4103D85A1680DFF4008AFCFC /* Frameworks */,
				4103D85B1680DFF4008AFCFC /* Resources */,
			);
			buildRules = (
			);
			dependencies = (
			);
			name = CFShareCircle;
			productName = CFShareCircle;
			productReference = 4103D85D1680DFF4008AFCFC /* CFShareCircle.app */;
			productType = "com.apple.product-type.application";
		};
/* End PBXNativeTarget section */

/* Begin PBXProject section */
		4103D8541680DFF4008AFCFC /* Project object */ = {
			isa = PBXProject;
			attributes = {
				LastUpgradeCheck = 0450;
				ORGANIZATIONNAME = Camden;
			};
			buildConfigurationList = 4103D8571680DFF4008AFCFC /* Build configuration list for PBXProject "CFShareCircle" */;
			compatibilityVersion = "Xcode 3.2";
			developmentRegion = English;
			hasScannedForEncodings = 0;
			knownRegions = (
				en,
			);
			mainGroup = 4103D8521680DFF4008AFCFC;
			productRefGroup = 4103D85E1680DFF4008AFCFC /* Products */;
			projectDirPath = "";
			projectRoot = "";
			targets = (
				4103D85C1680DFF4008AFCFC /* CFShareCircle */,
			);
		};
/* End PBXProject section */

/* Begin PBXResourcesBuildPhase section */
		4103D85B1680DFF4008AFCFC /* Resources */ = {
			isa = PBXResourcesBuildPhase;
			buildActionMask = 2147483647;
			files = (
				4103D86C1680DFF4008AFCFC /* InfoPlist.strings in Resources */,
				4103D8741680DFF4008AFCFC /* Default.png in Resources */,
				4103D8761680DFF4008AFCFC /* Default@2x.png in Resources */,
				4103D8781680DFF4008AFCFC /* Default-568h@2x.png in Resources */,
				4103D87B1680DFF4008AFCFC /* MainStoryboard_iPhone.storyboard in Resources */,
				4103D87E1680DFF4008AFCFC /* MainStoryboard_iPad.storyboard in Resources */,
				4119BD5F169CC4FA00CE9316 /* close_button.png in Resources */,
				4119BD60169CC4FA00CE9316 /* close_button@2x.png in Resources */,
				4119BD61169CC4FA00CE9316 /* email.png in Resources */,
				4119BD62169CC4FA00CE9316 /* email@2x.png in Resources */,
				4119BD63169CC4FA00CE9316 /* evernote.png in Resources */,
				4119BD64169CC4FA00CE9316 /* evernote@2x.png in Resources */,
				4119BD65169CC4FA00CE9316 /* facebook.png in Resources */,
				4119BD66169CC4FA00CE9316 /* facebook@2x.png in Resources */,
				4119BD67169CC4FA00CE9316 /* googleplus.png in Resources */,
				4119BD68169CC4FA00CE9316 /* googleplus@2x.png in Resources */,
				4119BD69169CC4FA00CE9316 /* message.png in Resources */,
				4119BD6A169CC4FA00CE9316 /* message@2x.png in Resources */,
				4119BD6B169CC4FA00CE9316 /* touch.png in Resources */,
				4119BD6C169CC4FA00CE9316 /* touch@2x.png in Resources */,
				4119BD6D169CC4FA00CE9316 /* twitter.png in Resources */,
				4119BD6E169CC4FA00CE9316 /* twitter@2x.png in Resources */,
				41F18FB516A05720000318FF /* flickr.png in Resources */,
				41F18FB616A05720000318FF /* flickr@2x.png in Resources */,
				419CC7F016A05D7F006343DA /* photo_album.png in Resources */,
				419CC7F116A05D7F006343DA /* photo_album@2x.png in Resources */,
			);
			runOnlyForDeploymentPostprocessing = 0;
		};
/* End PBXResourcesBuildPhase section */

/* Begin PBXSourcesBuildPhase section */
		4103D8591680DFF4008AFCFC /* Sources */ = {
			isa = PBXSourcesBuildPhase;
			buildActionMask = 2147483647;
			files = (
				4103D86E1680DFF4008AFCFC /* main.m in Sources */,
				4103D8721680DFF4008AFCFC /* AppDelegate.m in Sources */,
				4103D8811680DFF4008AFCFC /* ViewController.m in Sources */,
				4103D8891680E069008AFCFC /* CFShareCircleView.m in Sources */,
			);
			runOnlyForDeploymentPostprocessing = 0;
		};
/* End PBXSourcesBuildPhase section */

/* Begin PBXVariantGroup section */
		4103D86A1680DFF4008AFCFC /* InfoPlist.strings */ = {
			isa = PBXVariantGroup;
			children = (
				4103D86B1680DFF4008AFCFC /* en */,
			);
			name = InfoPlist.strings;
			sourceTree = "<group>";
		};
		4103D8791680DFF4008AFCFC /* MainStoryboard_iPhone.storyboard */ = {
			isa = PBXVariantGroup;
			children = (
				4103D87A1680DFF4008AFCFC /* en */,
			);
			name = MainStoryboard_iPhone.storyboard;
			sourceTree = "<group>";
		};
		4103D87C1680DFF4008AFCFC /* MainStoryboard_iPad.storyboard */ = {
			isa = PBXVariantGroup;
			children = (
				4103D87D1680DFF4008AFCFC /* en */,
			);
			name = MainStoryboard_iPad.storyboard;
			sourceTree = "<group>";
		};
/* End PBXVariantGroup section */

/* Begin XCBuildConfiguration section */
		4103D8821680DFF4008AFCFC /* Debug */ = {
			isa = XCBuildConfiguration;
			buildSettings = {
				ALWAYS_SEARCH_USER_PATHS = NO;
				CLANG_CXX_LANGUAGE_STANDARD = "gnu++0x";
				CLANG_CXX_LIBRARY = "libc++";
				CLANG_ENABLE_OBJC_ARC = YES;
				CLANG_WARN_EMPTY_BODY = YES;
				CLANG_WARN__DUPLICATE_METHOD_MATCH = YES;
				"CODE_SIGN_IDENTITY[sdk=iphoneos*]" = "iPhone Developer";
				COPY_PHASE_STRIP = NO;
				GCC_C_LANGUAGE_STANDARD = gnu99;
				GCC_DYNAMIC_NO_PIC = NO;
				GCC_OPTIMIZATION_LEVEL = 0;
				GCC_PREPROCESSOR_DEFINITIONS = (
					"DEBUG=1",
					"$(inherited)",
				);
				GCC_SYMBOLS_PRIVATE_EXTERN = NO;
				GCC_WARN_ABOUT_RETURN_TYPE = YES;
				GCC_WARN_UNINITIALIZED_AUTOS = YES;
				GCC_WARN_UNUSED_VARIABLE = YES;
				IPHONEOS_DEPLOYMENT_TARGET = 6.0;
				ONLY_ACTIVE_ARCH = YES;
				SDKROOT = iphoneos;
				TARGETED_DEVICE_FAMILY = "1,2";
			};
			name = Debug;
		};
		4103D8831680DFF4008AFCFC /* Release */ = {
			isa = XCBuildConfiguration;
			buildSettings = {
				ALWAYS_SEARCH_USER_PATHS = NO;
				CLANG_CXX_LANGUAGE_STANDARD = "gnu++0x";
				CLANG_CXX_LIBRARY = "libc++";
				CLANG_ENABLE_OBJC_ARC = YES;
				CLANG_WARN_EMPTY_BODY = YES;
				CLANG_WARN__DUPLICATE_METHOD_MATCH = YES;
				"CODE_SIGN_IDENTITY[sdk=iphoneos*]" = "iPhone Developer";
				COPY_PHASE_STRIP = YES;
				GCC_C_LANGUAGE_STANDARD = gnu99;
				GCC_WARN_ABOUT_RETURN_TYPE = YES;
				GCC_WARN_UNINITIALIZED_AUTOS = YES;
				GCC_WARN_UNUSED_VARIABLE = YES;
				IPHONEOS_DEPLOYMENT_TARGET = 6.0;
				OTHER_CFLAGS = "-DNS_BLOCK_ASSERTIONS=1";
				SDKROOT = iphoneos;
				TARGETED_DEVICE_FAMILY = "1,2";
				VALIDATE_PRODUCT = YES;
			};
			name = Release;
		};
		4103D8851680DFF4008AFCFC /* Debug */ = {
			isa = XCBuildConfiguration;
			buildSettings = {
				GCC_PRECOMPILE_PREFIX_HEADER = YES;
				GCC_PREFIX_HEADER = "CFShareCircle/CFShareCircle-Prefix.pch";
				INFOPLIST_FILE = "CFShareCircle/CFShareCircle-Info.plist";
				PRODUCT_NAME = "$(TARGET_NAME)";
				WRAPPER_EXTENSION = app;
			};
			name = Debug;
		};
		4103D8861680DFF4008AFCFC /* Release */ = {
			isa = XCBuildConfiguration;
			buildSettings = {
				GCC_PRECOMPILE_PREFIX_HEADER = YES;
				GCC_PREFIX_HEADER = "CFShareCircle/CFShareCircle-Prefix.pch";
				INFOPLIST_FILE = "CFShareCircle/CFShareCircle-Info.plist";
				PRODUCT_NAME = "$(TARGET_NAME)";
				WRAPPER_EXTENSION = app;
			};
			name = Release;
		};
/* End XCBuildConfiguration section */

/* Begin XCConfigurationList section */
		4103D8571680DFF4008AFCFC /* Build configuration list for PBXProject "CFShareCircle" */ = {
			isa = XCConfigurationList;
			buildConfigurations = (
				4103D8821680DFF4008AFCFC /* Debug */,
				4103D8831680DFF4008AFCFC /* Release */,
			);
			defaultConfigurationIsVisible = 0;
			defaultConfigurationName = Release;
		};
		4103D8841680DFF4008AFCFC /* Build configuration list for PBXNativeTarget "CFShareCircle" */ = {
			isa = XCConfigurationList;
			buildConfigurations = (
				4103D8851680DFF4008AFCFC /* Debug */,
				4103D8861680DFF4008AFCFC /* Release */,
			);
			defaultConfigurationIsVisible = 0;
			defaultConfigurationName = Release;
		};
/* End XCConfigurationList section */
	};
	rootObject = 4103D8541680DFF4008AFCFC /* Project object */;
}
