// !$*UTF8*$!
{
	archiveVersion = 1;
	classes = {
	};
	objectVersion = 46;
	objects = {

/* Begin PBXBuildFile section */
		4103D8621680DFF4008AFCFC /* UIKit.framework in Frameworks */ = {isa = PBXBuildFile; fileRef = 4103D8611680DFF4008AFCFC /* UIKit.framework */; };
		4103D8641680DFF4008AFCFC /* Foundation.framework in Frameworks */ = {isa = PBXBuildFile; fileRef = 4103D8631680DFF4008AFCFC /* Foundation.framework */; };
		4103D8661680DFF4008AFCFC /* CoreGraphics.framework in Frameworks */ = {isa = PBXBuildFile; fileRef = 4103D8651680DFF4008AFCFC /* CoreGraphics.framework */; };
		4103D86E1680DFF4008AFCFC /* main.m in Sources */ = {isa = PBXBuildFile; fileRef = 4103D86D1680DFF4008AFCFC /* main.m */; };
		411F6769174ABA4C00AFEDBD /* photo_library.png in Resources */ = {isa = PBXBuildFile; fileRef = 411F6767174ABA4C00AFEDBD /* photo_library.png */; };
		411F676A174ABA4C00AFEDBD /* photo_library@2x.png in Resources */ = {isa = PBXBuildFile; fileRef = 411F6768174ABA4C00AFEDBD /* photo_library@2x.png */; };
		411F676D174ABBD100AFEDBD /* mail.png in Resources */ = {isa = PBXBuildFile; fileRef = 411F676B174ABBD000AFEDBD /* mail.png */; };
		411F676E174ABBD100AFEDBD /* mail@2x.png in Resources */ = {isa = PBXBuildFile; fileRef = 411F676C174ABBD000AFEDBD /* mail@2x.png */; };
		41A09ECE16A5FACF008C8933 /* CoreImage.framework in Frameworks */ = {isa = PBXBuildFile; fileRef = 41A09ECD16A5FACF008C8933 /* CoreImage.framework */; };
		41C26A4C17569BA600753947 /* AppDelegate.m in Sources */ = {isa = PBXBuildFile; fileRef = 41C26A4917569BA600753947 /* AppDelegate.m */; };
		41C26A4D17569BA600753947 /* ViewController.m in Sources */ = {isa = PBXBuildFile; fileRef = 41C26A4B17569BA600753947 /* ViewController.m */; };
		41C80696173ABB5600B84ED6 /* CFShareCircleView.m in Sources */ = {isa = PBXBuildFile; fileRef = 41C80690173ABB5600B84ED6 /* CFShareCircleView.m */; };
		41C80697173ABB5600B84ED6 /* CFSharer.m in Sources */ = {isa = PBXBuildFile; fileRef = 41C80692173ABB5600B84ED6 /* CFSharer.m */; };
		41C806B1173ABB5E00B84ED6 /* Default-568h@2x.png in Resources */ = {isa = PBXBuildFile; fileRef = 41C8069A173ABB5E00B84ED6 /* Default-568h@2x.png */; };
		41C806B2173ABB5E00B84ED6 /* Default.png in Resources */ = {isa = PBXBuildFile; fileRef = 41C8069B173ABB5E00B84ED6 /* Default.png */; };
		41C806B3173ABB5E00B84ED6 /* Default@2x.png in Resources */ = {isa = PBXBuildFile; fileRef = 41C8069C173ABB5E00B84ED6 /* Default@2x.png */; };
		41C806B4173ABB5E00B84ED6 /* InfoPlist.strings in Resources */ = {isa = PBXBuildFile; fileRef = 41C8069D173ABB5E00B84ED6 /* InfoPlist.strings */; };
		41C806B5173ABB5E00B84ED6 /* MainStoryboard_iPad.storyboard in Resources */ = {isa = PBXBuildFile; fileRef = 41C8069F173ABB5E00B84ED6 /* MainStoryboard_iPad.storyboard */; };
		41C806B6173ABB5E00B84ED6 /* MainStoryboard_iPhone.storyboard in Resources */ = {isa = PBXBuildFile; fileRef = 41C806A1173ABB5E00B84ED6 /* MainStoryboard_iPhone.storyboard */; };
		41C806B7173ABB5E00B84ED6 /* dropbox.png in Resources */ = {isa = PBXBuildFile; fileRef = 41C806A4173ABB5E00B84ED6 /* dropbox.png */; };
		41C806B8173ABB5E00B84ED6 /* dropbox@2x.png in Resources */ = {isa = PBXBuildFile; fileRef = 41C806A5173ABB5E00B84ED6 /* dropbox@2x.png */; };
		41C806B9173ABB5E00B84ED6 /* evernote.png in Resources */ = {isa = PBXBuildFile; fileRef = 41C806A6173ABB5E00B84ED6 /* evernote.png */; };
		41C806BA173ABB5E00B84ED6 /* evernote@2x.png in Resources */ = {isa = PBXBuildFile; fileRef = 41C806A7173ABB5E00B84ED6 /* evernote@2x.png */; };
		41C806BB173ABB5E00B84ED6 /* facebook.png in Resources */ = {isa = PBXBuildFile; fileRef = 41C806A8173ABB5E00B84ED6 /* facebook.png */; };
		41C806BC173ABB5E00B84ED6 /* facebook@2x.png in Resources */ = {isa = PBXBuildFile; fileRef = 41C806A9173ABB5E00B84ED6 /* facebook@2x.png */; };
		41C806BD173ABB5E00B84ED6 /* google_drive.png in Resources */ = {isa = PBXBuildFile; fileRef = 41C806AA173ABB5E00B84ED6 /* google_drive.png */; };
		41C806BE173ABB5E00B84ED6 /* google_drive@2x.png in Resources */ = {isa = PBXBuildFile; fileRef = 41C806AB173ABB5E00B84ED6 /* google_drive@2x.png */; };
		41C806BF173ABB5E00B84ED6 /* pinterest.png in Resources */ = {isa = PBXBuildFile; fileRef = 41C806AC173ABB5E00B84ED6 /* pinterest.png */; };
		41C806C0173ABB5E00B84ED6 /* pinterest@2x.png in Resources */ = {isa = PBXBuildFile; fileRef = 41C806AD173ABB5E00B84ED6 /* pinterest@2x.png */; };
		41C806C1173ABB5E00B84ED6 /* twitter.png in Resources */ = {isa = PBXBuildFile; fileRef = 41C806AE173ABB5E00B84ED6 /* twitter.png */; };
		41C806C2173ABB5E00B84ED6 /* twitter@2x.png in Resources */ = {isa = PBXBuildFile; fileRef = 41C806AF173ABB5E00B84ED6 /* twitter@2x.png */; };
		41FC1038169B6FD9007DF1E3 /* QuartzCore.framework in Frameworks */ = {isa = PBXBuildFile; fileRef = 41FC1037169B6FD9007DF1E3 /* QuartzCore.framework */; };
/* End PBXBuildFile section */

/* Begin PBXFileReference section */
		4103D85D1680DFF4008AFCFC /* CFShareCircle.app */ = {isa = PBXFileReference; explicitFileType = wrapper.application; includeInIndex = 0; path = CFShareCircle.app; sourceTree = BUILT_PRODUCTS_DIR; };
		4103D8611680DFF4008AFCFC /* UIKit.framework */ = {isa = PBXFileReference; lastKnownFileType = wrapper.framework; name = UIKit.framework; path = System/Library/Frameworks/UIKit.framework; sourceTree = SDKROOT; };
		4103D8631680DFF4008AFCFC /* Foundation.framework */ = {isa = PBXFileReference; lastKnownFileType = wrapper.framework; name = Foundation.framework; path = System/Library/Frameworks/Foundation.framework; sourceTree = SDKROOT; };
		4103D8651680DFF4008AFCFC /* CoreGraphics.framework */ = {isa = PBXFileReference; lastKnownFileType = wrapper.framework; name = CoreGraphics.framework; path = System/Library/Frameworks/CoreGraphics.framework; sourceTree = SDKROOT; };
		4103D8691680DFF4008AFCFC /* CFShareCircle-Info.plist */ = {isa = PBXFileReference; lastKnownFileType = text.plist.xml; path = "CFShareCircle-Info.plist"; sourceTree = "<group>"; };
		4103D86D1680DFF4008AFCFC /* main.m */ = {isa = PBXFileReference; lastKnownFileType = sourcecode.c.objc; path = main.m; sourceTree = "<group>"; };
		4103D86F1680DFF4008AFCFC /* CFShareCircle-Prefix.pch */ = {isa = PBXFileReference; lastKnownFileType = sourcecode.c.h; path = "CFShareCircle-Prefix.pch"; sourceTree = "<group>"; };
		411F6767174ABA4C00AFEDBD /* photo_library.png */ = {isa = PBXFileReference; lastKnownFileType = image.png; path = photo_library.png; sourceTree = "<group>"; };
		411F6768174ABA4C00AFEDBD /* photo_library@2x.png */ = {isa = PBXFileReference; lastKnownFileType = image.png; path = "photo_library@2x.png"; sourceTree = "<group>"; };
		411F676B174ABBD000AFEDBD /* mail.png */ = {isa = PBXFileReference; lastKnownFileType = image.png; path = mail.png; sourceTree = "<group>"; };
		411F676C174ABBD000AFEDBD /* mail@2x.png */ = {isa = PBXFileReference; lastKnownFileType = image.png; path = "mail@2x.png"; sourceTree = "<group>"; };
		41A09ECD16A5FACF008C8933 /* CoreImage.framework */ = {isa = PBXFileReference; lastKnownFileType = wrapper.framework; name = CoreImage.framework; path = System/Library/Frameworks/CoreImage.framework; sourceTree = SDKROOT; };
		41C26A4817569BA600753947 /* AppDelegate.h */ = {isa = PBXFileReference; fileEncoding = 4; lastKnownFileType = sourcecode.c.h; path = AppDelegate.h; sourceTree = "<group>"; };
		41C26A4917569BA600753947 /* AppDelegate.m */ = {isa = PBXFileReference; fileEncoding = 4; lastKnownFileType = sourcecode.c.objc; path = AppDelegate.m; sourceTree = "<group>"; };
		41C26A4A17569BA600753947 /* ViewController.h */ = {isa = PBXFileReference; fileEncoding = 4; lastKnownFileType = sourcecode.c.h; path = ViewController.h; sourceTree = "<group>"; };
		41C26A4B17569BA600753947 /* ViewController.m */ = {isa = PBXFileReference; fileEncoding = 4; lastKnownFileType = sourcecode.c.objc; path = ViewController.m; sourceTree = "<group>"; };
		41C8068F173ABB5600B84ED6 /* CFShareCircleView.h */ = {isa = PBXFileReference; fileEncoding = 4; lastKnownFileType = sourcecode.c.h; path = CFShareCircleView.h; sourceTree = "<group>"; };
		41C80690173ABB5600B84ED6 /* CFShareCircleView.m */ = {isa = PBXFileReference; fileEncoding = 4; lastKnownFileType = sourcecode.c.objc; path = CFShareCircleView.m; sourceTree = "<group>"; };
		41C80691173ABB5600B84ED6 /* CFSharer.h */ = {isa = PBXFileReference; fileEncoding = 4; lastKnownFileType = sourcecode.c.h; path = CFSharer.h; sourceTree = "<group>"; };
		41C80692173ABB5600B84ED6 /* CFSharer.m */ = {isa = PBXFileReference; fileEncoding = 4; lastKnownFileType = sourcecode.c.objc; path = CFSharer.m; sourceTree = "<group>"; };
		41C8069A173ABB5E00B84ED6 /* Default-568h@2x.png */ = {isa = PBXFileReference; lastKnownFileType = image.png; path = "Default-568h@2x.png"; sourceTree = "<group>"; };
		41C8069B173ABB5E00B84ED6 /* Default.png */ = {isa = PBXFileReference; lastKnownFileType = image.png; path = Default.png; sourceTree = "<group>"; };
		41C8069C173ABB5E00B84ED6 /* Default@2x.png */ = {isa = PBXFileReference; lastKnownFileType = image.png; path = "Default@2x.png"; sourceTree = "<group>"; };
		41C8069E173ABB5E00B84ED6 /* en */ = {isa = PBXFileReference; lastKnownFileType = text.plist.strings; name = en; path = en.lproj/InfoPlist.strings; sourceTree = "<group>"; };
		41C806A0173ABB5E00B84ED6 /* en */ = {isa = PBXFileReference; lastKnownFileType = file.storyboard; name = en; path = en.lproj/MainStoryboard_iPad.storyboard; sourceTree = "<group>"; };
		41C806A2173ABB5E00B84ED6 /* en */ = {isa = PBXFileReference; lastKnownFileType = file.storyboard; name = en; path = en.lproj/MainStoryboard_iPhone.storyboard; sourceTree = "<group>"; };
		41C806A4173ABB5E00B84ED6 /* dropbox.png */ = {isa = PBXFileReference; lastKnownFileType = image.png; path = dropbox.png; sourceTree = "<group>"; };
		41C806A5173ABB5E00B84ED6 /* dropbox@2x.png */ = {isa = PBXFileReference; lastKnownFileType = image.png; path = "dropbox@2x.png"; sourceTree = "<group>"; };
		41C806A6173ABB5E00B84ED6 /* evernote.png */ = {isa = PBXFileReference; lastKnownFileType = image.png; path = evernote.png; sourceTree = "<group>"; };
		41C806A7173ABB5E00B84ED6 /* evernote@2x.png */ = {isa = PBXFileReference; lastKnownFileType = image.png; path = "evernote@2x.png"; sourceTree = "<group>"; };
		41C806A8173ABB5E00B84ED6 /* facebook.png */ = {isa = PBXFileReference; lastKnownFileType = image.png; path = facebook.png; sourceTree = "<group>"; };
		41C806A9173ABB5E00B84ED6 /* facebook@2x.png */ = {isa = PBXFileReference; lastKnownFileType = image.png; path = "facebook@2x.png"; sourceTree = "<group>"; };
		41C806AA173ABB5E00B84ED6 /* google_drive.png */ = {isa = PBXFileReference; lastKnownFileType = image.png; path = google_drive.png; sourceTree = "<group>"; };
		41C806AB173ABB5E00B84ED6 /* google_drive@2x.png */ = {isa = PBXFileReference; lastKnownFileType = image.png; path = "google_drive@2x.png"; sourceTree = "<group>"; };
		41C806AC173ABB5E00B84ED6 /* pinterest.png */ = {isa = PBXFileReference; lastKnownFileType = image.png; path = pinterest.png; sourceTree = "<group>"; };
		41C806AD173ABB5E00B84ED6 /* pinterest@2x.png */ = {isa = PBXFileReference; lastKnownFileType = image.png; path = "pinterest@2x.png"; sourceTree = "<group>"; };
		41C806AE173ABB5E00B84ED6 /* twitter.png */ = {isa = PBXFileReference; lastKnownFileType = image.png; path = twitter.png; sourceTree = "<group>"; };
		41C806AF173ABB5E00B84ED6 /* twitter@2x.png */ = {isa = PBXFileReference; lastKnownFileType = image.png; path = "twitter@2x.png"; sourceTree = "<group>"; };
		41FC1037169B6FD9007DF1E3 /* QuartzCore.framework */ = {isa = PBXFileReference; lastKnownFileType = wrapper.framework; name = QuartzCore.framework; path = System/Library/Frameworks/QuartzCore.framework; sourceTree = SDKROOT; };
/* End PBXFileReference section */

/* Begin PBXFrameworksBuildPhase section */
		4103D85A1680DFF4008AFCFC /* Frameworks */ = {
			isa = PBXFrameworksBuildPhase;
			buildActionMask = 2147483647;
			files = (
				41A09ECE16A5FACF008C8933 /* CoreImage.framework in Frameworks */,
				41FC1038169B6FD9007DF1E3 /* QuartzCore.framework in Frameworks */,
				4103D8621680DFF4008AFCFC /* UIKit.framework in Frameworks */,
				4103D8641680DFF4008AFCFC /* Foundation.framework in Frameworks */,
				4103D8661680DFF4008AFCFC /* CoreGraphics.framework in Frameworks */,
			);
			runOnlyForDeploymentPostprocessing = 0;
		};
/* End PBXFrameworksBuildPhase section */

/* Begin PBXGroup section */
		4103D8521680DFF4008AFCFC = {
			isa = PBXGroup;
			children = (
				4103D8671680DFF4008AFCFC /* CFShareCircle */,
				4103D8601680DFF4008AFCFC /* Frameworks */,
				4103D85E1680DFF4008AFCFC /* Products */,
			);
			sourceTree = "<group>";
		};
		4103D85E1680DFF4008AFCFC /* Products */ = {
			isa = PBXGroup;
			children = (
				4103D85D1680DFF4008AFCFC /* CFShareCircle.app */,
			);
			name = Products;
			sourceTree = "<group>";
		};
		4103D8601680DFF4008AFCFC /* Frameworks */ = {
			isa = PBXGroup;
			children = (
				41A09ECD16A5FACF008C8933 /* CoreImage.framework */,
				41FC1037169B6FD9007DF1E3 /* QuartzCore.framework */,
				4103D8611680DFF4008AFCFC /* UIKit.framework */,
				4103D8631680DFF4008AFCFC /* Foundation.framework */,
				4103D8651680DFF4008AFCFC /* CoreGraphics.framework */,
			);
			name = Frameworks;
			sourceTree = "<group>";
		};
		4103D8671680DFF4008AFCFC /* CFShareCircle */ = {
			isa = PBXGroup;
			children = (
				41C26A4717569BA600753947 /* Example */,
				41C80699173ABB5E00B84ED6 /* Resources */,
				41C8068C173ABB5600B84ED6 /* Classes */,
				4103D8681680DFF4008AFCFC /* Supporting Files */,
			);
			path = CFShareCircle;
			sourceTree = "<group>";
		};
		4103D8681680DFF4008AFCFC /* Supporting Files */ = {
			isa = PBXGroup;
			children = (
				4103D8691680DFF4008AFCFC /* CFShareCircle-Info.plist */,
				4103D86D1680DFF4008AFCFC /* main.m */,
				4103D86F1680DFF4008AFCFC /* CFShareCircle-Prefix.pch */,
			);
			name = "Supporting Files";
			sourceTree = "<group>";
		};
		41C26A4717569BA600753947 /* Example */ = {
			isa = PBXGroup;
			children = (
				41C26A4817569BA600753947 /* AppDelegate.h */,
				41C26A4917569BA600753947 /* AppDelegate.m */,
				41C26A4A17569BA600753947 /* ViewController.h */,
				41C26A4B17569BA600753947 /* ViewController.m */,
			);
			path = Example;
			sourceTree = "<group>";
		};
		41C8068C173ABB5600B84ED6 /* Classes */ = {
			isa = PBXGroup;
			children = (
				41C8068F173ABB5600B84ED6 /* CFShareCircleView.h */,
				41C80690173ABB5600B84ED6 /* CFShareCircleView.m */,
				41C80691173ABB5600B84ED6 /* CFSharer.h */,
				41C80692173ABB5600B84ED6 /* CFSharer.m */,
			);
			path = Classes;
			sourceTree = "<group>";
		};
		41C80699173ABB5E00B84ED6 /* Resources */ = {
			isa = PBXGroup;
			children = (
				41C8069A173ABB5E00B84ED6 /* Default-568h@2x.png */,
				41C8069B173ABB5E00B84ED6 /* Default.png */,
				41C8069C173ABB5E00B84ED6 /* Default@2x.png */,
				41C8069D173ABB5E00B84ED6 /* InfoPlist.strings */,
				41C8069F173ABB5E00B84ED6 /* MainStoryboard_iPad.storyboard */,
				41C806A1173ABB5E00B84ED6 /* MainStoryboard_iPhone.storyboard */,
				41C806A3173ABB5E00B84ED6 /* Images */,
				41C806B0173ABB5E00B84ED6 /* untitled folder */,
			);
			path = Resources;
			sourceTree = "<group>";
		};
		41C806A3173ABB5E00B84ED6 /* Images */ = {
			isa = PBXGroup;
			children = (
				411F676B174ABBD000AFEDBD /* mail.png */,
				411F676C174ABBD000AFEDBD /* mail@2x.png */,
				411F6767174ABA4C00AFEDBD /* photo_library.png */,
				411F6768174ABA4C00AFEDBD /* photo_library@2x.png */,
				41C806A4173ABB5E00B84ED6 /* dropbox.png */,
				41C806A5173ABB5E00B84ED6 /* dropbox@2x.png */,
				41C806A6173ABB5E00B84ED6 /* evernote.png */,
				41C806A7173ABB5E00B84ED6 /* evernote@2x.png */,
				41C806A8173ABB5E00B84ED6 /* facebook.png */,
				41C806A9173ABB5E00B84ED6 /* facebook@2x.png */,
				41C806AA173ABB5E00B84ED6 /* google_drive.png */,
				41C806AB173ABB5E00B84ED6 /* google_drive@2x.png */,
				41C806AC173ABB5E00B84ED6 /* pinterest.png */,
				41C806AD173ABB5E00B84ED6 /* pinterest@2x.png */,
				41C806AE173ABB5E00B84ED6 /* twitter.png */,
				41C806AF173ABB5E00B84ED6 /* twitter@2x.png */,
			);
			path = Images;
			sourceTree = "<group>";
		};
		41C806B0173ABB5E00B84ED6 /* untitled folder */ = {
			isa = PBXGroup;
			children = (
			);
			path = "untitled folder";
			sourceTree = "<group>";
		};
/* End PBXGroup section */

/* Begin PBXNativeTarget section */
		4103D85C1680DFF4008AFCFC /* CFShareCircle */ = {
			isa = PBXNativeTarget;
			buildConfigurationList = 4103D8841680DFF4008AFCFC /* Build configuration list for PBXNativeTarget "CFShareCircle" */;
			buildPhases = (
				4103D8591680DFF4008AFCFC /* Sources */,
				4103D85A1680DFF4008AFCFC /* Frameworks */,
				4103D85B1680DFF4008AFCFC /* Resources */,
			);
			buildRules = (
			);
			dependencies = (
			);
			name = CFShareCircle;
			productName = CFShareCircle;
			productReference = 4103D85D1680DFF4008AFCFC /* CFShareCircle.app */;
			productType = "com.apple.product-type.application";
		};
/* End PBXNativeTarget section */

/* Begin PBXProject section */
		4103D8541680DFF4008AFCFC /* Project object */ = {
			isa = PBXProject;
			attributes = {
				LastUpgradeCheck = 0450;
				ORGANIZATIONNAME = Camden;
			};
			buildConfigurationList = 4103D8571680DFF4008AFCFC /* Build configuration list for PBXProject "CFShareCircle" */;
			compatibilityVersion = "Xcode 3.2";
			developmentRegion = English;
			hasScannedForEncodings = 0;
			knownRegions = (
				en,
			);
			mainGroup = 4103D8521680DFF4008AFCFC;
			productRefGroup = 4103D85E1680DFF4008AFCFC /* Products */;
			projectDirPath = "";
			projectRoot = "";
			targets = (
				4103D85C1680DFF4008AFCFC /* CFShareCircle */,
			);
		};
/* End PBXProject section */

/* Begin PBXResourcesBuildPhase section */
		4103D85B1680DFF4008AFCFC /* Resources */ = {
			isa = PBXResourcesBuildPhase;
			buildActionMask = 2147483647;
			files = (
				41C806B1173ABB5E00B84ED6 /* Default-568h@2x.png in Resources */,
				41C806B2173ABB5E00B84ED6 /* Default.png in Resources */,
				41C806B3173ABB5E00B84ED6 /* Default@2x.png in Resources */,
				41C806B4173ABB5E00B84ED6 /* InfoPlist.strings in Resources */,
				41C806B5173ABB5E00B84ED6 /* MainStoryboard_iPad.storyboard in Resources */,
				41C806B6173ABB5E00B84ED6 /* MainStoryboard_iPhone.storyboard in Resources */,
				41C806B7173ABB5E00B84ED6 /* dropbox.png in Resources */,
				41C806B8173ABB5E00B84ED6 /* dropbox@2x.png in Resources */,
				41C806B9173ABB5E00B84ED6 /* evernote.png in Resources */,
				41C806BA173ABB5E00B84ED6 /* evernote@2x.png in Resources */,
				41C806BB173ABB5E00B84ED6 /* facebook.png in Resources */,
				41C806BC173ABB5E00B84ED6 /* facebook@2x.png in Resources */,
				41C806BD173ABB5E00B84ED6 /* google_drive.png in Resources */,
				41C806BE173ABB5E00B84ED6 /* google_drive@2x.png in Resources */,
				41C806BF173ABB5E00B84ED6 /* pinterest.png in Resources */,
				41C806C0173ABB5E00B84ED6 /* pinterest@2x.png in Resources */,
				41C806C1173ABB5E00B84ED6 /* twitter.png in Resources */,
				41C806C2173ABB5E00B84ED6 /* twitter@2x.png in Resources */,
				411F6769174ABA4C00AFEDBD /* photo_library.png in Resources */,
				411F676A174ABA4C00AFEDBD /* photo_library@2x.png in Resources */,
				411F676D174ABBD100AFEDBD /* mail.png in Resources */,
				411F676E174ABBD100AFEDBD /* mail@2x.png in Resources */,
			);
			runOnlyForDeploymentPostprocessing = 0;
		};
/* End PBXResourcesBuildPhase section */

/* Begin PBXSourcesBuildPhase section */
		4103D8591680DFF4008AFCFC /* Sources */ = {
			isa = PBXSourcesBuildPhase;
			buildActionMask = 2147483647;
			files = (
				4103D86E1680DFF4008AFCFC /* main.m in Sources */,
				41C80696173ABB5600B84ED6 /* CFShareCircleView.m in Sources */,
				41C80697173ABB5600B84ED6 /* CFSharer.m in Sources */,
				41C26A4C17569BA600753947 /* AppDelegate.m in Sources */,
				41C26A4D17569BA600753947 /* ViewController.m in Sources */,
			);
			runOnlyForDeploymentPostprocessing = 0;
		};
/* End PBXSourcesBuildPhase section */

/* Begin PBXVariantGroup section */
		41C8069D173ABB5E00B84ED6 /* InfoPlist.strings */ = {
			isa = PBXVariantGroup;
			children = (
				41C8069E173ABB5E00B84ED6 /* en */,
			);
			name = InfoPlist.strings;
			sourceTree = "<group>";
		};
		41C8069F173ABB5E00B84ED6 /* MainStoryboard_iPad.storyboard */ = {
			isa = PBXVariantGroup;
			children = (
				41C806A0173ABB5E00B84ED6 /* en */,
			);
			name = MainStoryboard_iPad.storyboard;
			sourceTree = "<group>";
		};
		41C806A1173ABB5E00B84ED6 /* MainStoryboard_iPhone.storyboard */ = {
			isa = PBXVariantGroup;
			children = (
				41C806A2173ABB5E00B84ED6 /* en */,
			);
			name = MainStoryboard_iPhone.storyboard;
			sourceTree = "<group>";
		};
/* End PBXVariantGroup section */

/* Begin XCBuildConfiguration section */
		4103D8821680DFF4008AFCFC /* Debug */ = {
			isa = XCBuildConfiguration;
			buildSettings = {
				ALWAYS_SEARCH_USER_PATHS = NO;
				CLANG_CXX_LANGUAGE_STANDARD = "gnu++0x";
				CLANG_CXX_LIBRARY = "libc++";
				CLANG_ENABLE_OBJC_ARC = YES;
				CLANG_WARN_EMPTY_BODY = YES;
				CLANG_WARN__DUPLICATE_METHOD_MATCH = YES;
				"CODE_SIGN_IDENTITY[sdk=iphoneos*]" = "iPhone Developer";
				COPY_PHASE_STRIP = NO;
				GCC_C_LANGUAGE_STANDARD = gnu99;
				GCC_DYNAMIC_NO_PIC = NO;
				GCC_OPTIMIZATION_LEVEL = 0;
				GCC_PREPROCESSOR_DEFINITIONS = (
					"DEBUG=1",
					"$(inherited)",
				);
				GCC_SYMBOLS_PRIVATE_EXTERN = NO;
				GCC_WARN_ABOUT_RETURN_TYPE = YES;
				GCC_WARN_UNINITIALIZED_AUTOS = YES;
				GCC_WARN_UNUSED_VARIABLE = YES;
				IPHONEOS_DEPLOYMENT_TARGET = 6.0;
				ONLY_ACTIVE_ARCH = YES;
				SDKROOT = iphoneos;
				TARGETED_DEVICE_FAMILY = "1,2";
			};
			name = Debug;
		};
		4103D8831680DFF4008AFCFC /* Release */ = {
			isa = XCBuildConfiguration;
			buildSettings = {
				ALWAYS_SEARCH_USER_PATHS = NO;
				CLANG_CXX_LANGUAGE_STANDARD = "gnu++0x";
				CLANG_CXX_LIBRARY = "libc++";
				CLANG_ENABLE_OBJC_ARC = YES;
				CLANG_WARN_EMPTY_BODY = YES;
				CLANG_WARN__DUPLICATE_METHOD_MATCH = YES;
				"CODE_SIGN_IDENTITY[sdk=iphoneos*]" = "iPhone Developer";
				COPY_PHASE_STRIP = YES;
				GCC_C_LANGUAGE_STANDARD = gnu99;
				GCC_WARN_ABOUT_RETURN_TYPE = YES;
				GCC_WARN_UNINITIALIZED_AUTOS = YES;
				GCC_WARN_UNUSED_VARIABLE = YES;
				IPHONEOS_DEPLOYMENT_TARGET = 6.0;
				OTHER_CFLAGS = "-DNS_BLOCK_ASSERTIONS=1";
				SDKROOT = iphoneos;
				TARGETED_DEVICE_FAMILY = "1,2";
				VALIDATE_PRODUCT = YES;
			};
			name = Release;
		};
		4103D8851680DFF4008AFCFC /* Debug */ = {
			isa = XCBuildConfiguration;
			buildSettings = {
				GCC_PRECOMPILE_PREFIX_HEADER = YES;
				GCC_PREFIX_HEADER = "CFShareCircle/CFShareCircle-Prefix.pch";
				INFOPLIST_FILE = "CFShareCircle/CFShareCircle-Info.plist";
				PRODUCT_NAME = "$(TARGET_NAME)";
				WRAPPER_EXTENSION = app;
			};
			name = Debug;
		};
		4103D8861680DFF4008AFCFC /* Release */ = {
			isa = XCBuildConfiguration;
			buildSettings = {
				GCC_PRECOMPILE_PREFIX_HEADER = YES;
				GCC_PREFIX_HEADER = "CFShareCircle/CFShareCircle-Prefix.pch";
				INFOPLIST_FILE = "CFShareCircle/CFShareCircle-Info.plist";
				PRODUCT_NAME = "$(TARGET_NAME)";
				WRAPPER_EXTENSION = app;
			};
			name = Release;
		};
/* End XCBuildConfiguration section */

/* Begin XCConfigurationList section */
		4103D8571680DFF4008AFCFC /* Build configuration list for PBXProject "CFShareCircle" */ = {
			isa = XCConfigurationList;
			buildConfigurations = (
				4103D8821680DFF4008AFCFC /* Debug */,
				4103D8831680DFF4008AFCFC /* Release */,
			);
			defaultConfigurationIsVisible = 0;
			defaultConfigurationName = Release;
		};
		4103D8841680DFF4008AFCFC /* Build configuration list for PBXNativeTarget "CFShareCircle" */ = {
			isa = XCConfigurationList;
			buildConfigurations = (
				4103D8851680DFF4008AFCFC /* Debug */,
				4103D8861680DFF4008AFCFC /* Release */,
			);
			defaultConfigurationIsVisible = 0;
			defaultConfigurationName = Release;
		};
/* End XCConfigurationList section */
	};
	rootObject = 4103D8541680DFF4008AFCFC /* Project object */;
}
